// !$*UTF8*$!
{
	archiveVersion = 1;
	classes = {
	};
	objectVersion = 50;
	objects = {

/* Begin PBXBuildFile section */
		82CFB2612630BFB7009BA78D /* red.png in Resources */ = {isa = PBXBuildFile; fileRef = 82CFB2602630BFB7009BA78D /* red.png */; };
		82CFB2672630C9E5009BA78D /* TextFieldAccessoryViewController.swift in Sources */ = {isa = PBXBuildFile; fileRef = 82CFB2652630C9E5009BA78D /* TextFieldAccessoryViewController.swift */; };
		82CFB2682630C9E5009BA78D /* TextFieldAccessoryView.swift in Sources */ = {isa = PBXBuildFile; fileRef = 82CFB2662630C9E5009BA78D /* TextFieldAccessoryView.swift */; };
		82CFB26C2630CA50009BA78D /* AccessoryCapableTextField.swift in Sources */ = {isa = PBXBuildFile; fileRef = 82CFB26B2630CA50009BA78D /* AccessoryCapableTextField.swift */; };
		82CFB2702630CC73009BA78D /* SpecialTextFieldView.swift in Sources */ = {isa = PBXBuildFile; fileRef = 82CFB26F2630CC73009BA78D /* SpecialTextFieldView.swift */; };
		82CFB2762630D0FB009BA78D /* SpecialTextFieldViewController.swift in Sources */ = {isa = PBXBuildFile; fileRef = 82CFB2752630D0FB009BA78D /* SpecialTextFieldViewController.swift */; };
		82D64A082630B31A006C0E92 /* Messages.framework in Frameworks */ = {isa = PBXBuildFile; fileRef = 82F633A126307DCA00A1ACE9 /* Messages.framework */; };
		82D64A0B2630B31A006C0E92 /* MessagesViewController.swift in Sources */ = {isa = PBXBuildFile; fileRef = 82D64A0A2630B31A006C0E92 /* MessagesViewController.swift */; };
		82D64A0E2630B31A006C0E92 /* MainInterface.storyboard in Resources */ = {isa = PBXBuildFile; fileRef = 82D64A0C2630B31A006C0E92 /* MainInterface.storyboard */; };
		82D64A102630B31D006C0E92 /* Assets.xcassets in Resources */ = {isa = PBXBuildFile; fileRef = 82D64A0F2630B31D006C0E92 /* Assets.xcassets */; };
		82D64A142630B31D006C0E92 /* imessagesV2.appex in Embed App Extensions */ = {isa = PBXBuildFile; fileRef = 82D64A072630B31A006C0E92 /* imessagesV2.appex */; settings = {ATTRIBUTES = (RemoveHeadersOnCopy, ); }; };
		82D64A1E2630B36E006C0E92 /* IxpController.swift in Sources */ = {isa = PBXBuildFile; fileRef = 82D64A1D2630B36E006C0E92 /* IxpController.swift */; };
		82D64A382630B4B3006C0E92 /* pug.png in Resources */ = {isa = PBXBuildFile; fileRef = 82D64A372630B4B3006C0E92 /* pug.png */; };
		82F6336826306FFE00A1ACE9 /* AppDelegate.swift in Sources */ = {isa = PBXBuildFile; fileRef = 82F6336726306FFE00A1ACE9 /* AppDelegate.swift */; };
		82F6336A26306FFE00A1ACE9 /* SceneDelegate.swift in Sources */ = {isa = PBXBuildFile; fileRef = 82F6336926306FFE00A1ACE9 /* SceneDelegate.swift */; };
		82F6336C26306FFE00A1ACE9 /* ContentView.swift in Sources */ = {isa = PBXBuildFile; fileRef = 82F6336B26306FFE00A1ACE9 /* ContentView.swift */; };
		82F6336E2630700000A1ACE9 /* Assets.xcassets in Resources */ = {isa = PBXBuildFile; fileRef = 82F6336D2630700000A1ACE9 /* Assets.xcassets */; };
		82F633712630700000A1ACE9 /* Preview Assets.xcassets in Resources */ = {isa = PBXBuildFile; fileRef = 82F633702630700000A1ACE9 /* Preview Assets.xcassets */; };
		82F633742630700000A1ACE9 /* LaunchScreen.storyboard in Resources */ = {isa = PBXBuildFile; fileRef = 82F633722630700000A1ACE9 /* LaunchScreen.storyboard */; };
		82F633BA2630843B00A1ACE9 /* CustomView.swift in Sources */ = {isa = PBXBuildFile; fileRef = 82F633B92630843B00A1ACE9 /* CustomView.swift */; };
		82F633CA263084B600A1ACE9 /* AccessoryViewController.swift in Sources */ = {isa = PBXBuildFile; fileRef = 82F633C9263084B600A1ACE9 /* AccessoryViewController.swift */; };
		82F633D02630859C00A1ACE9 /* AccessoryView.swift in Sources */ = {isa = PBXBuildFile; fileRef = 82F633CF2630859C00A1ACE9 /* AccessoryView.swift */; };
/* End PBXBuildFile section */

/* Begin PBXContainerItemProxy section */
		82D64A122630B31D006C0E92 /* PBXContainerItemProxy */ = {
			isa = PBXContainerItemProxy;
			containerPortal = 82F6335C26306FFE00A1ACE9 /* Project object */;
			proxyType = 1;
			remoteGlobalIDString = 82D64A062630B31A006C0E92;
			remoteInfo = imessagesV2;
		};
/* End PBXContainerItemProxy section */

/* Begin PBXCopyFilesBuildPhase section */
		82F633B226307DCC00A1ACE9 /* Embed App Extensions */ = {
			isa = PBXCopyFilesBuildPhase;
			buildActionMask = 2147483647;
			dstPath = "";
			dstSubfolderSpec = 13;
			files = (
				82D64A142630B31D006C0E92 /* imessagesV2.appex in Embed App Extensions */,
			);
			name = "Embed App Extensions";
			runOnlyForDeploymentPostprocessing = 0;
		};
/* End PBXCopyFilesBuildPhase section */

/* Begin PBXFileReference section */
		82CFB2602630BFB7009BA78D /* red.png */ = {isa = PBXFileReference; lastKnownFileType = image.png; path = red.png; sourceTree = "<group>"; };
		82CFB2652630C9E5009BA78D /* TextFieldAccessoryViewController.swift */ = {isa = PBXFileReference; fileEncoding = 4; lastKnownFileType = sourcecode.swift; path = TextFieldAccessoryViewController.swift; sourceTree = "<group>"; };
		82CFB2662630C9E5009BA78D /* TextFieldAccessoryView.swift */ = {isa = PBXFileReference; fileEncoding = 4; lastKnownFileType = sourcecode.swift; path = TextFieldAccessoryView.swift; sourceTree = "<group>"; };
		82CFB26B2630CA50009BA78D /* AccessoryCapableTextField.swift */ = {isa = PBXFileReference; lastKnownFileType = sourcecode.swift; path = AccessoryCapableTextField.swift; sourceTree = "<group>"; };
		82CFB26F2630CC73009BA78D /* SpecialTextFieldView.swift */ = {isa = PBXFileReference; lastKnownFileType = sourcecode.swift; path = SpecialTextFieldView.swift; sourceTree = "<group>"; };
		82CFB2752630D0FB009BA78D /* SpecialTextFieldViewController.swift */ = {isa = PBXFileReference; lastKnownFileType = sourcecode.swift; path = SpecialTextFieldViewController.swift; sourceTree = "<group>"; };
		82D64A072630B31A006C0E92 /* imessagesV2.appex */ = {isa = PBXFileReference; explicitFileType = "wrapper.app-extension"; includeInIndex = 0; path = imessagesV2.appex; sourceTree = BUILT_PRODUCTS_DIR; };
		82D64A0A2630B31A006C0E92 /* MessagesViewController.swift */ = {isa = PBXFileReference; lastKnownFileType = sourcecode.swift; path = MessagesViewController.swift; sourceTree = "<group>"; };
		82D64A0D2630B31A006C0E92 /* Base */ = {isa = PBXFileReference; lastKnownFileType = file.storyboard; name = Base; path = Base.lproj/MainInterface.storyboard; sourceTree = "<group>"; };
		82D64A0F2630B31D006C0E92 /* Assets.xcassets */ = {isa = PBXFileReference; lastKnownFileType = folder.assetcatalog; path = Assets.xcassets; sourceTree = "<group>"; };
		82D64A112630B31D006C0E92 /* Info.plist */ = {isa = PBXFileReference; lastKnownFileType = text.plist.xml; path = Info.plist; sourceTree = "<group>"; };
		82D64A1D2630B36E006C0E92 /* IxpController.swift */ = {isa = PBXFileReference; lastKnownFileType = sourcecode.swift; path = IxpController.swift; sourceTree = "<group>"; };
		82D64A372630B4B3006C0E92 /* pug.png */ = {isa = PBXFileReference; lastKnownFileType = image.png; path = pug.png; sourceTree = "<group>"; };
		82F6336426306FFE00A1ACE9 /* IXP Mega-keyboard.app */ = {isa = PBXFileReference; explicitFileType = wrapper.application; includeInIndex = 0; path = "IXP Mega-keyboard.app"; sourceTree = BUILT_PRODUCTS_DIR; };
		82F6336726306FFE00A1ACE9 /* AppDelegate.swift */ = {isa = PBXFileReference; lastKnownFileType = sourcecode.swift; path = AppDelegate.swift; sourceTree = "<group>"; };
		82F6336926306FFE00A1ACE9 /* SceneDelegate.swift */ = {isa = PBXFileReference; lastKnownFileType = sourcecode.swift; path = SceneDelegate.swift; sourceTree = "<group>"; };
		82F6336B26306FFE00A1ACE9 /* ContentView.swift */ = {isa = PBXFileReference; lastKnownFileType = sourcecode.swift; path = ContentView.swift; sourceTree = "<group>"; };
		82F6336D2630700000A1ACE9 /* Assets.xcassets */ = {isa = PBXFileReference; lastKnownFileType = folder.assetcatalog; path = Assets.xcassets; sourceTree = "<group>"; };
		82F633702630700000A1ACE9 /* Preview Assets.xcassets */ = {isa = PBXFileReference; lastKnownFileType = folder.assetcatalog; path = "Preview Assets.xcassets"; sourceTree = "<group>"; };
		82F633732630700000A1ACE9 /* Base */ = {isa = PBXFileReference; lastKnownFileType = file.storyboard; name = Base; path = Base.lproj/LaunchScreen.storyboard; sourceTree = "<group>"; };
		82F633752630700000A1ACE9 /* Info.plist */ = {isa = PBXFileReference; lastKnownFileType = text.plist.xml; path = Info.plist; sourceTree = "<group>"; };
		82F633A126307DCA00A1ACE9 /* Messages.framework */ = {isa = PBXFileReference; lastKnownFileType = wrapper.framework; name = Messages.framework; path = System/Library/Frameworks/Messages.framework; sourceTree = SDKROOT; };
		82F633B92630843B00A1ACE9 /* CustomView.swift */ = {isa = PBXFileReference; lastKnownFileType = sourcecode.swift; path = CustomView.swift; sourceTree = "<group>"; };
		82F633C9263084B600A1ACE9 /* AccessoryViewController.swift */ = {isa = PBXFileReference; lastKnownFileType = sourcecode.swift; path = AccessoryViewController.swift; sourceTree = "<group>"; };
		82F633CF2630859C00A1ACE9 /* AccessoryView.swift */ = {isa = PBXFileReference; lastKnownFileType = sourcecode.swift; path = AccessoryView.swift; sourceTree = "<group>"; };
/* End PBXFileReference section */

/* Begin PBXFrameworksBuildPhase section */
		82D64A042630B31A006C0E92 /* Frameworks */ = {
			isa = PBXFrameworksBuildPhase;
			buildActionMask = 2147483647;
			files = (
				82D64A082630B31A006C0E92 /* Messages.framework in Frameworks */,
			);
			runOnlyForDeploymentPostprocessing = 0;
		};
		82F6336126306FFE00A1ACE9 /* Frameworks */ = {
			isa = PBXFrameworksBuildPhase;
			buildActionMask = 2147483647;
			files = (
			);
			runOnlyForDeploymentPostprocessing = 0;
		};
/* End PBXFrameworksBuildPhase section */

/* Begin PBXGroup section */
		82D64A092630B31A006C0E92 /* imessagesV2 */ = {
			isa = PBXGroup;
			children = (
				82D64A0A2630B31A006C0E92 /* MessagesViewController.swift */,
				82D64A0C2630B31A006C0E92 /* MainInterface.storyboard */,
				82D64A0F2630B31D006C0E92 /* Assets.xcassets */,
				82CFB2602630BFB7009BA78D /* red.png */,
				82D64A372630B4B3006C0E92 /* pug.png */,
				82D64A112630B31D006C0E92 /* Info.plist */,
				82D64A1D2630B36E006C0E92 /* IxpController.swift */,
			);
			path = imessagesV2;
			sourceTree = "<group>";
		};
		82F6335B26306FFE00A1ACE9 = {
			isa = PBXGroup;
			children = (
				82F6336626306FFE00A1ACE9 /* IXP Mega-keyboard */,
				82D64A092630B31A006C0E92 /* imessagesV2 */,
				82F633A026307DCA00A1ACE9 /* Frameworks */,
				82F6336526306FFE00A1ACE9 /* Products */,
			);
			sourceTree = "<group>";
		};
		82F6336526306FFE00A1ACE9 /* Products */ = {
			isa = PBXGroup;
			children = (
				82F6336426306FFE00A1ACE9 /* IXP Mega-keyboard.app */,
				82D64A072630B31A006C0E92 /* imessagesV2.appex */,
			);
			name = Products;
			sourceTree = "<group>";
		};
		82F6336626306FFE00A1ACE9 /* IXP Mega-keyboard */ = {
			isa = PBXGroup;
			children = (
				82CFB2662630C9E5009BA78D /* TextFieldAccessoryView.swift */,
				82CFB2652630C9E5009BA78D /* TextFieldAccessoryViewController.swift */,
				82F633CF2630859C00A1ACE9 /* AccessoryView.swift */,
				82F6336726306FFE00A1ACE9 /* AppDelegate.swift */,
				82F6336926306FFE00A1ACE9 /* SceneDelegate.swift */,
				82F6336B26306FFE00A1ACE9 /* ContentView.swift */,
				82F6336D2630700000A1ACE9 /* Assets.xcassets */,
				82F633722630700000A1ACE9 /* LaunchScreen.storyboard */,
				82F633752630700000A1ACE9 /* Info.plist */,
				82F6336F2630700000A1ACE9 /* Preview Content */,
				82F633B92630843B00A1ACE9 /* CustomView.swift */,
				82F633C9263084B600A1ACE9 /* AccessoryViewController.swift */,
				82CFB26B2630CA50009BA78D /* AccessoryCapableTextField.swift */,
				82CFB26F2630CC73009BA78D /* SpecialTextFieldView.swift */,
				82CFB2752630D0FB009BA78D /* SpecialTextFieldViewController.swift */,
			);
			path = "IXP Mega-keyboard";
			sourceTree = "<group>";
		};
		82F6336F2630700000A1ACE9 /* Preview Content */ = {
			isa = PBXGroup;
			children = (
				82F633702630700000A1ACE9 /* Preview Assets.xcassets */,
			);
			path = "Preview Content";
			sourceTree = "<group>";
		};
		82F633A026307DCA00A1ACE9 /* Frameworks */ = {
			isa = PBXGroup;
			children = (
				82F633A126307DCA00A1ACE9 /* Messages.framework */,
			);
			name = Frameworks;
			sourceTree = "<group>";
		};
/* End PBXGroup section */

/* Begin PBXNativeTarget section */
		82D64A062630B31A006C0E92 /* imessagesV2 */ = {
			isa = PBXNativeTarget;
			buildConfigurationList = 82D64A152630B31D006C0E92 /* Build configuration list for PBXNativeTarget "imessagesV2" */;
			buildPhases = (
				82D64A032630B31A006C0E92 /* Sources */,
				82D64A042630B31A006C0E92 /* Frameworks */,
				82D64A052630B31A006C0E92 /* Resources */,
			);
			buildRules = (
			);
			dependencies = (
			);
			name = imessagesV2;
			productName = imessagesV2;
			productReference = 82D64A072630B31A006C0E92 /* imessagesV2.appex */;
			productType = "com.apple.product-type.app-extension.messages";
		};
		82F6336326306FFE00A1ACE9 /* IXP Mega-keyboard */ = {
			isa = PBXNativeTarget;
			buildConfigurationList = 82F6338E2630700100A1ACE9 /* Build configuration list for PBXNativeTarget "IXP Mega-keyboard" */;
			buildPhases = (
				82F6336026306FFE00A1ACE9 /* Sources */,
				82F6336126306FFE00A1ACE9 /* Frameworks */,
				82F6336226306FFE00A1ACE9 /* Resources */,
				82F633B226307DCC00A1ACE9 /* Embed App Extensions */,
			);
			buildRules = (
			);
			dependencies = (
				82D64A132630B31D006C0E92 /* PBXTargetDependency */,
			);
			name = "IXP Mega-keyboard";
			productName = "IXP Mega-keyboard";
			productReference = 82F6336426306FFE00A1ACE9 /* IXP Mega-keyboard.app */;
			productType = "com.apple.product-type.application";
		};
/* End PBXNativeTarget section */

/* Begin PBXProject section */
		82F6335C26306FFE00A1ACE9 /* Project object */ = {
			isa = PBXProject;
			attributes = {
				LastSwiftUpdateCheck = 1240;
				LastUpgradeCheck = 1240;
				TargetAttributes = {
					82D64A062630B31A006C0E92 = {
						CreatedOnToolsVersion = 12.4;
					};
					82F6336326306FFE00A1ACE9 = {
						CreatedOnToolsVersion = 12.4;
					};
				};
			};
			buildConfigurationList = 82F6335F26306FFE00A1ACE9 /* Build configuration list for PBXProject "IXP Mega-keyboard" */;
			compatibilityVersion = "Xcode 9.3";
			developmentRegion = en;
			hasScannedForEncodings = 0;
			knownRegions = (
				en,
				Base,
			);
			mainGroup = 82F6335B26306FFE00A1ACE9;
			productRefGroup = 82F6336526306FFE00A1ACE9 /* Products */;
			projectDirPath = "";
			projectRoot = "";
			targets = (
				82F6336326306FFE00A1ACE9 /* IXP Mega-keyboard */,
				82D64A062630B31A006C0E92 /* imessagesV2 */,
			);
		};
/* End PBXProject section */

/* Begin PBXResourcesBuildPhase section */
		82D64A052630B31A006C0E92 /* Resources */ = {
			isa = PBXResourcesBuildPhase;
			buildActionMask = 2147483647;
			files = (
				82D64A382630B4B3006C0E92 /* pug.png in Resources */,
				82CFB2612630BFB7009BA78D /* red.png in Resources */,
				82D64A102630B31D006C0E92 /* Assets.xcassets in Resources */,
				82D64A0E2630B31A006C0E92 /* MainInterface.storyboard in Resources */,
			);
			runOnlyForDeploymentPostprocessing = 0;
		};
		82F6336226306FFE00A1ACE9 /* Resources */ = {
			isa = PBXResourcesBuildPhase;
			buildActionMask = 2147483647;
			files = (
				82F633742630700000A1ACE9 /* LaunchScreen.storyboard in Resources */,
				82F633712630700000A1ACE9 /* Preview Assets.xcassets in Resources */,
				82F6336E2630700000A1ACE9 /* Assets.xcassets in Resources */,
			);
			runOnlyForDeploymentPostprocessing = 0;
		};
/* End PBXResourcesBuildPhase section */

/* Begin PBXSourcesBuildPhase section */
		82D64A032630B31A006C0E92 /* Sources */ = {
			isa = PBXSourcesBuildPhase;
			buildActionMask = 2147483647;
			files = (
				82D64A0B2630B31A006C0E92 /* MessagesViewController.swift in Sources */,
				82D64A1E2630B36E006C0E92 /* IxpController.swift in Sources */,
			);
			runOnlyForDeploymentPostprocessing = 0;
		};
		82F6336026306FFE00A1ACE9 /* Sources */ = {
			isa = PBXSourcesBuildPhase;
			buildActionMask = 2147483647;
			files = (
				82F6336826306FFE00A1ACE9 /* AppDelegate.swift in Sources */,
				82F633D02630859C00A1ACE9 /* AccessoryView.swift in Sources */,
				82F633BA2630843B00A1ACE9 /* CustomView.swift in Sources */,
				82F6336A26306FFE00A1ACE9 /* SceneDelegate.swift in Sources */,
				82F6336C26306FFE00A1ACE9 /* ContentView.swift in Sources */,
				82F633CA263084B600A1ACE9 /* AccessoryViewController.swift in Sources */,
				82CFB2672630C9E5009BA78D /* TextFieldAccessoryViewController.swift in Sources */,
				82CFB2762630D0FB009BA78D /* SpecialTextFieldViewController.swift in Sources */,
				82CFB26C2630CA50009BA78D /* AccessoryCapableTextField.swift in Sources */,
				82CFB2702630CC73009BA78D /* SpecialTextFieldView.swift in Sources */,
				82CFB2682630C9E5009BA78D /* TextFieldAccessoryView.swift in Sources */,
			);
			runOnlyForDeploymentPostprocessing = 0;
		};
/* End PBXSourcesBuildPhase section */

/* Begin PBXTargetDependency section */
		82D64A132630B31D006C0E92 /* PBXTargetDependency */ = {
			isa = PBXTargetDependency;
			target = 82D64A062630B31A006C0E92 /* imessagesV2 */;
			targetProxy = 82D64A122630B31D006C0E92 /* PBXContainerItemProxy */;
		};
/* End PBXTargetDependency section */

/* Begin PBXVariantGroup section */
		82D64A0C2630B31A006C0E92 /* MainInterface.storyboard */ = {
			isa = PBXVariantGroup;
			children = (
				82D64A0D2630B31A006C0E92 /* Base */,
			);
			name = MainInterface.storyboard;
			sourceTree = "<group>";
		};
		82F633722630700000A1ACE9 /* LaunchScreen.storyboard */ = {
			isa = PBXVariantGroup;
			children = (
				82F633732630700000A1ACE9 /* Base */,
			);
			name = LaunchScreen.storyboard;
			sourceTree = "<group>";
		};
/* End PBXVariantGroup section */

/* Begin XCBuildConfiguration section */
		82D64A162630B31D006C0E92 /* Debug */ = {
			isa = XCBuildConfiguration;
			buildSettings = {
				ASSETCATALOG_COMPILER_APPICON_NAME = "iMessage App Icon";
				CODE_SIGN_STYLE = Automatic;
				DEVELOPMENT_TEAM = L2MFJG54A6;
				INFOPLIST_FILE = imessagesV2/Info.plist;
				LD_RUNPATH_SEARCH_PATHS = (
					"$(inherited)",
					"@executable_path/Frameworks",
					"@executable_path/../../Frameworks",
				);
				PRODUCT_BUNDLE_IDENTIFIER = "rckrieger.IXP-Mega-keyboard.imessagesV2";
				PRODUCT_NAME = "$(TARGET_NAME)";
				SKIP_INSTALL = YES;
				SWIFT_VERSION = 5.0;
				TARGETED_DEVICE_FAMILY = "1,2";
			};
			name = Debug;
		};
		82D64A172630B31D006C0E92 /* Release */ = {
			isa = XCBuildConfiguration;
			buildSettings = {
				ASSETCATALOG_COMPILER_APPICON_NAME = "iMessage App Icon";
				CODE_SIGN_STYLE = Automatic;
				DEVELOPMENT_TEAM = L2MFJG54A6;
				INFOPLIST_FILE = imessagesV2/Info.plist;
				LD_RUNPATH_SEARCH_PATHS = (
					"$(inherited)",
					"@executable_path/Frameworks",
					"@executable_path/../../Frameworks",
				);
				PRODUCT_BUNDLE_IDENTIFIER = "rckrieger.IXP-Mega-keyboard.imessagesV2";
				PRODUCT_NAME = "$(TARGET_NAME)";
				SKIP_INSTALL = YES;
				SWIFT_VERSION = 5.0;
				TARGETED_DEVICE_FAMILY = "1,2";
			};
			name = Release;
		};
		82F6338C2630700100A1ACE9 /* Debug */ = {
			isa = XCBuildConfiguration;
			buildSettings = {
				ALWAYS_SEARCH_USER_PATHS = NO;
				CLANG_ANALYZER_NONNULL = YES;
				CLANG_ANALYZER_NUMBER_OBJECT_CONVERSION = YES_AGGRESSIVE;
				CLANG_CXX_LANGUAGE_STANDARD = "gnu++14";
				CLANG_CXX_LIBRARY = "libc++";
				CLANG_ENABLE_MODULES = YES;
				CLANG_ENABLE_OBJC_ARC = YES;
				CLANG_ENABLE_OBJC_WEAK = YES;
				CLANG_WARN_BLOCK_CAPTURE_AUTORELEASING = YES;
				CLANG_WARN_BOOL_CONVERSION = YES;
				CLANG_WARN_COMMA = YES;
				CLANG_WARN_CONSTANT_CONVERSION = YES;
				CLANG_WARN_DEPRECATED_OBJC_IMPLEMENTATIONS = YES;
				CLANG_WARN_DIRECT_OBJC_ISA_USAGE = YES_ERROR;
				CLANG_WARN_DOCUMENTATION_COMMENTS = YES;
				CLANG_WARN_EMPTY_BODY = YES;
				CLANG_WARN_ENUM_CONVERSION = YES;
				CLANG_WARN_INFINITE_RECURSION = YES;
				CLANG_WARN_INT_CONVERSION = YES;
				CLANG_WARN_NON_LITERAL_NULL_CONVERSION = YES;
				CLANG_WARN_OBJC_IMPLICIT_RETAIN_SELF = YES;
				CLANG_WARN_OBJC_LITERAL_CONVERSION = YES;
				CLANG_WARN_OBJC_ROOT_CLASS = YES_ERROR;
				CLANG_WARN_QUOTED_INCLUDE_IN_FRAMEWORK_HEADER = YES;
				CLANG_WARN_RANGE_LOOP_ANALYSIS = YES;
				CLANG_WARN_STRICT_PROTOTYPES = YES;
				CLANG_WARN_SUSPICIOUS_MOVE = YES;
				CLANG_WARN_UNGUARDED_AVAILABILITY = YES_AGGRESSIVE;
				CLANG_WARN_UNREACHABLE_CODE = YES;
				CLANG_WARN__DUPLICATE_METHOD_MATCH = YES;
				COPY_PHASE_STRIP = NO;
				DEBUG_INFORMATION_FORMAT = dwarf;
				ENABLE_STRICT_OBJC_MSGSEND = YES;
				ENABLE_TESTABILITY = YES;
				GCC_C_LANGUAGE_STANDARD = gnu11;
				GCC_DYNAMIC_NO_PIC = NO;
				GCC_NO_COMMON_BLOCKS = YES;
				GCC_OPTIMIZATION_LEVEL = 0;
				GCC_PREPROCESSOR_DEFINITIONS = (
					"DEBUG=1",
					"$(inherited)",
				);
				GCC_WARN_64_TO_32_BIT_CONVERSION = YES;
				GCC_WARN_ABOUT_RETURN_TYPE = YES_ERROR;
				GCC_WARN_UNDECLARED_SELECTOR = YES;
				GCC_WARN_UNINITIALIZED_AUTOS = YES_AGGRESSIVE;
				GCC_WARN_UNUSED_FUNCTION = YES;
				GCC_WARN_UNUSED_VARIABLE = YES;
				IPHONEOS_DEPLOYMENT_TARGET = 14.4;
				MTL_ENABLE_DEBUG_INFO = INCLUDE_SOURCE;
				MTL_FAST_MATH = YES;
				ONLY_ACTIVE_ARCH = YES;
				SDKROOT = iphoneos;
				SWIFT_ACTIVE_COMPILATION_CONDITIONS = DEBUG;
				SWIFT_OPTIMIZATION_LEVEL = "-Onone";
			};
			name = Debug;
		};
		82F6338D2630700100A1ACE9 /* Release */ = {
			isa = XCBuildConfiguration;
			buildSettings = {
				ALWAYS_SEARCH_USER_PATHS = NO;
				CLANG_ANALYZER_NONNULL = YES;
				CLANG_ANALYZER_NUMBER_OBJECT_CONVERSION = YES_AGGRESSIVE;
				CLANG_CXX_LANGUAGE_STANDARD = "gnu++14";
				CLANG_CXX_LIBRARY = "libc++";
				CLANG_ENABLE_MODULES = YES;
				CLANG_ENABLE_OBJC_ARC = YES;
				CLANG_ENABLE_OBJC_WEAK = YES;
				CLANG_WARN_BLOCK_CAPTURE_AUTORELEASING = YES;
				CLANG_WARN_BOOL_CONVERSION = YES;
				CLANG_WARN_COMMA = YES;
				CLANG_WARN_CONSTANT_CONVERSION = YES;
				CLANG_WARN_DEPRECATED_OBJC_IMPLEMENTATIONS = YES;
				CLANG_WARN_DIRECT_OBJC_ISA_USAGE = YES_ERROR;
				CLANG_WARN_DOCUMENTATION_COMMENTS = YES;
				CLANG_WARN_EMPTY_BODY = YES;
				CLANG_WARN_ENUM_CONVERSION = YES;
				CLANG_WARN_INFINITE_RECURSION = YES;
				CLANG_WARN_INT_CONVERSION = YES;
				CLANG_WARN_NON_LITERAL_NULL_CONVERSION = YES;
				CLANG_WARN_OBJC_IMPLICIT_RETAIN_SELF = YES;
				CLANG_WARN_OBJC_LITERAL_CONVERSION = YES;
				CLANG_WARN_OBJC_ROOT_CLASS = YES_ERROR;
				CLANG_WARN_QUOTED_INCLUDE_IN_FRAMEWORK_HEADER = YES;
				CLANG_WARN_RANGE_LOOP_ANALYSIS = YES;
				CLANG_WARN_STRICT_PROTOTYPES = YES;
				CLANG_WARN_SUSPICIOUS_MOVE = YES;
				CLANG_WARN_UNGUARDED_AVAILABILITY = YES_AGGRESSIVE;
				CLANG_WARN_UNREACHABLE_CODE = YES;
				CLANG_WARN__DUPLICATE_METHOD_MATCH = YES;
				COPY_PHASE_STRIP = NO;
				DEBUG_INFORMATION_FORMAT = "dwarf-with-dsym";
				ENABLE_NS_ASSERTIONS = NO;
				ENABLE_STRICT_OBJC_MSGSEND = YES;
				GCC_C_LANGUAGE_STANDARD = gnu11;
				GCC_NO_COMMON_BLOCKS = YES;
				GCC_WARN_64_TO_32_BIT_CONVERSION = YES;
				GCC_WARN_ABOUT_RETURN_TYPE = YES_ERROR;
				GCC_WARN_UNDECLARED_SELECTOR = YES;
				GCC_WARN_UNINITIALIZED_AUTOS = YES_AGGRESSIVE;
				GCC_WARN_UNUSED_FUNCTION = YES;
				GCC_WARN_UNUSED_VARIABLE = YES;
				IPHONEOS_DEPLOYMENT_TARGET = 14.4;
				MTL_ENABLE_DEBUG_INFO = NO;
				MTL_FAST_MATH = YES;
				SDKROOT = iphoneos;
				SWIFT_COMPILATION_MODE = wholemodule;
				SWIFT_OPTIMIZATION_LEVEL = "-O";
				VALIDATE_PRODUCT = YES;
			};
			name = Release;
		};
		82F6338F2630700100A1ACE9 /* Debug */ = {
			isa = XCBuildConfiguration;
			buildSettings = {
				ALWAYS_EMBED_SWIFT_STANDARD_LIBRARIES = YES;
				ASSETCATALOG_COMPILER_APPICON_NAME = AppIcon;
				ASSETCATALOG_COMPILER_GLOBAL_ACCENT_COLOR_NAME = AccentColor;
				CODE_SIGN_STYLE = Automatic;
				DEVELOPMENT_ASSET_PATHS = "\"IXP Mega-keyboard/Preview Content\"";
				DEVELOPMENT_TEAM = L2MFJG54A6;
				ENABLE_PREVIEWS = YES;
				INFOPLIST_FILE = "IXP Mega-keyboard/Info.plist";
				LD_RUNPATH_SEARCH_PATHS = (
					"$(inherited)",
					"@executable_path/Frameworks",
				);
				PRODUCT_BUNDLE_IDENTIFIER = "rckrieger.IXP-Mega-keyboard";
				PRODUCT_NAME = "$(TARGET_NAME)";
				SWIFT_VERSION = 5.0;
				TARGETED_DEVICE_FAMILY = "1,2";
			};
			name = Debug;
		};
		82F633902630700100A1ACE9 /* Release */ = {
			isa = XCBuildConfiguration;
			buildSettings = {
				ALWAYS_EMBED_SWIFT_STANDARD_LIBRARIES = YES;
				ASSETCATALOG_COMPILER_APPICON_NAME = AppIcon;
				ASSETCATALOG_COMPILER_GLOBAL_ACCENT_COLOR_NAME = AccentColor;
				CODE_SIGN_STYLE = Automatic;
				DEVELOPMENT_ASSET_PATHS = "\"IXP Mega-keyboard/Preview Content\"";
				DEVELOPMENT_TEAM = L2MFJG54A6;
				ENABLE_PREVIEWS = YES;
				INFOPLIST_FILE = "IXP Mega-keyboard/Info.plist";
				LD_RUNPATH_SEARCH_PATHS = (
					"$(inherited)",
					"@executable_path/Frameworks",
				);
				PRODUCT_BUNDLE_IDENTIFIER = "rckrieger.IXP-Mega-keyboard";
				PRODUCT_NAME = "$(TARGET_NAME)";
				SWIFT_VERSION = 5.0;
				TARGETED_DEVICE_FAMILY = "1,2";
			};
			name = Release;
		};
/* End XCBuildConfiguration section */

/* Begin XCConfigurationList section */
		82D64A152630B31D006C0E92 /* Build configuration list for PBXNativeTarget "imessagesV2" */ = {
			isa = XCConfigurationList;
			buildConfigurations = (
				82D64A162630B31D006C0E92 /* Debug */,
				82D64A172630B31D006C0E92 /* Release */,
			);
			defaultConfigurationIsVisible = 0;
			defaultConfigurationName = Release;
		};
		82F6335F26306FFE00A1ACE9 /* Build configuration list for PBXProject "IXP Mega-keyboard" */ = {
			isa = XCConfigurationList;
			buildConfigurations = (
				82F6338C2630700100A1ACE9 /* Debug */,
				82F6338D2630700100A1ACE9 /* Release */,
			);
			defaultConfigurationIsVisible = 0;
			defaultConfigurationName = Release;
		};
		82F6338E2630700100A1ACE9 /* Build configuration list for PBXNativeTarget "IXP Mega-keyboard" */ = {
			isa = XCConfigurationList;
			buildConfigurations = (
				82F6338F2630700100A1ACE9 /* Debug */,
				82F633902630700100A1ACE9 /* Release */,
			);
			defaultConfigurationIsVisible = 0;
			defaultConfigurationName = Release;
		};
/* End XCConfigurationList section */
	};
	rootObject = 82F6335C26306FFE00A1ACE9 /* Project object */;
}
